github.com/donovanhide/eventsource v0.0.0-20210830082556-c59027999da0 h1:C7t6eeMaEQVy6e8CarIhscYQlNmw5e3G36y7l7Y21Ao=
github.com/donovanhide/eventsource v0.0.0-20210830082556-c59027999da0/go.mod h1:56wL82FO0bfMU5RvfXoIwSOP2ggqqxT+tAfNEIyxuHw=
gitlab.com/jonas.jasas/buffreader v0.0.0-20200406102452-cad14a5681d3 h1:xpdOQuJNn4Hwyej7QOYP7E5GBdCz6IW/N4v+fx7tRTU=
gitlab.com/jonas.jasas/buffreader v0.0.0-20200406102452-cad14a5681d3/go.mod h1:W/Z742lm+m8DnVw3j4tw/RhMN5+HnhtHVg1tOFNTg6w=
gitlab.com/jonas.jasas/bufftee v0.0.0-20190309090616-0f18f95bd4d2 h1:5lWeDYfLZC+s7At3TySSRiYV2Kth6BL3QbwUpfxyd1c=
gitlab.com/jonas.jasas/bufftee v0.0.0-20190309090616-0f18f95bd4d2/go.mod h1:MHOOv5inxssyNWsE+cyA0xSsBjGO6PswIMmjRUjflc4=
gitlab.com/jonas.jasas/closechan v0.0.0-20200419060521-9f8eba9e316d h1:Y3bG7xegvF0TLO4nJ8lzWxqVjGOmf6zam9mP3lJMJAI=
gitlab.com/jonas.jasas/closechan v0.0.0-20200419060521-9f8eba9e316d/go.mod h1:oMMxU+gYXWTCPN/DldKOeLfc7riamHgIUPF8WgK981o=
gitlab.com/jonas.jasas/rwmock v0.0.0-20190210172938-6ed2091800f6 h1:gEARCctdh5NAsVM9yhnZD5T7oYst2L+AZyhVbECTmp4=
gitlab.com/shynome/httprelay v0.0.1 h1:pG0w08NqQmIbouX4iJpM+4+sk0wstkHCEM54nmPL+SM=
gitlab.com/shynome/httprelay v0.0.1/go.mod h1:x1RHISfI6g5BOVCQT+QrykX69GnVVSTW6/IxRJyQTsI=
